# This file was autogenerated by Stack.
# You should not edit this file by hand.
# For more information, please see the documentation at:
#   https://docs.haskellstack.org/en/stable/lock_files

packages:
- completed:
    hackage: csound-expression-5.3.3@sha256:cfab8c782e658b2eed133923f1df1396d3c5e8087a5c88faafcc862f6c735816,4465
    pantry-tree:
      size: 4662
      sha256: 676c94926be5dfbc7d895e9f190b0ee02d7716ae46010a286d36d54e9f6397f1
  original:
    hackage: csound-expression-5.3.3@sha256:cfab8c782e658b2eed133923f1df1396d3c5e8087a5c88faafcc862f6c735816,4465
- completed:
    hackage: csound-expression-dynamic-0.3.5@sha256:ab2492caaeabc1dff7184d99f807a4cbe307a58edc3697772444be38826b49a0,1444
    pantry-tree:
      size: 1266
      sha256: 8efcb299e70f3210a82ce5670259433ed558a3987d331b2d08cb647c509f2e56
  original:
    hackage: csound-expression-dynamic-0.3.5@sha256:ab2492caaeabc1dff7184d99f807a4cbe307a58edc3697772444be38826b49a0,1444
- completed:
    hackage: csound-expression-opcodes-0.0.4.0@sha256:9920f962790b8e58884914474a2c10719d685eaf6a5b14873001308b053901a6,1584
    pantry-tree:
      size: 2270
      sha256: c83be6ccfe680d8ae892f8b465402fb6794b4f0a679f79aa085264f5c74cbe62
  original:
    hackage: csound-expression-opcodes-0.0.4.0@sha256:9920f962790b8e58884914474a2c10719d685eaf6a5b14873001308b053901a6,1584
- completed:
    hackage: csound-expression-typed-0.2.3.1@sha256:88e8eb5382cf9504d570f8d9186e8dd9c3d39a7c5f2ce06e20fe1b985c94dc50,4413
    pantry-tree:
      size: 7375
      sha256: 5cc76ed9b842635cae513a395fc01ef1a5664172c3c4df333ff645fb51867f6a
  original:
    hackage: csound-expression-typed-0.2.3.1@sha256:88e8eb5382cf9504d570f8d9186e8dd9c3d39a7c5f2ce06e20fe1b985c94dc50,4413
- completed:
    hackage: temporal-media-0.6.3@sha256:7a27d711a786c3dc9163433627e51efcc4b3fce3a947b71c29f3e388f37cae59,857
    pantry-tree:
      size: 282
      sha256: 97120e833d668b1b319d80c45c79c410df18907d069e00f8ca070cf1f1e68996
  original:
    hackage: temporal-media-0.6.3@sha256:7a27d711a786c3dc9163433627e51efcc4b3fce3a947b71c29f3e388f37cae59,857
- completed:
    hackage: data-fix-0.3.0@sha256:058a266d1e658500e0ffb8babe68195b0ce06a081dcfc3814afc784b083fd9a5,1645
    pantry-tree:
      size: 261
      sha256: 6cf43af344624e087dbe2f1e96e985de6142e85bb02db8449df6d72bee3c1013
  original:
    hackage: data-fix-0.3.0@sha256:058a266d1e658500e0ffb8babe68195b0ce06a081dcfc3814afc784b083fd9a5,1645
- completed:
    hackage: data-fix-cse-0.0.3@sha256:c29b23ed2d321e11314599d7a9b8a9d67d5f5dc1206d5665b3408a7d826a8bdc,1000
    pantry-tree:
      size: 503
      sha256: 970eba7722f815b50034ea7a031df3a2254aa1aecc15b2571219cf2a81f567dc
  original:
    hackage: data-fix-cse-0.0.3@sha256:c29b23ed2d321e11314599d7a9b8a9d67d5f5dc1206d5665b3408a7d826a8bdc,1000
- completed:
    hackage: wl-pprint-1.2.1@sha256:aea676cff4a062d7d912149d270e33f5bb0c01b68a9db46ff13b438141ff4b7c,734
    pantry-tree:
      size: 221
      sha256: 750b375c6fc33400551f9e32e26e41844c372270a9bc3571e912fa36df7c6d4f
  original:
    hackage: wl-pprint-1.2.1@sha256:aea676cff4a062d7d912149d270e33f5bb0c01b68a9db46ff13b438141ff4b7c,734
snapshots:
- completed:
    size: 532386
    url: https://raw.githubusercontent.com/commercialhaskell/stackage-snapshots/master/lts/16/17.yaml
    sha256: d3ee1ae797cf63189c95cf27f00700304946c5cb3c1e6a82001cd6584a221e1b
  original: lts-16.17
